
Microsoft Visual Studio Solution File, Format Version 12.00
# Visual Studio Version 17
VisualStudioVersion = 17.5.33414.496
MinimumVisualStudioVersion = 15.0.26124.0
Project("{9A19103F-16F7-4668-BE54-9A1E7A4F7556}") = "Singulink.Numerics.Ranges", "Singulink.Numerics.Ranges\Singulink.Numerics.Ranges.csproj", "{05700EC1-0D15-4BA3-9DC2-E1093183F4DC}"
EndProject
Project("{2150E333-8FDC-42A3-9474-1A3956D46DE8}") = "Solution Items", "Solution Items", "{2D37D825-95B9-4C09-8CFA-E89C86A61985}"
	ProjectSection(SolutionItems) = preProject
		.editorconfig = .editorconfig
		Directory.Build.props = Directory.Build.props
		..\README.md = ..\README.md
	EndProjectSection
EndProject
Project("{2150E333-8FDC-42A3-9474-1A3956D46DE8}") = "Tests", "Tests", "{4863FAB0-DD1F-47FE-B1FA-5409C55D1D27}"
EndProject
Project("{9A19103F-16F7-4668-BE54-9A1E7A4F7556}") = "Singulink.Numerics.Ranges.Tests", "Singulink.Numerics.Ranges.Tests\Singulink.Numerics.Ranges.Tests.csproj", "{DB6672E7-9A6F-4394-BC6F-AAF3C334FF0B}"
EndProject
Global
	GlobalSection(SolutionConfigurationPlatforms) = preSolution
		Debug|Any CPU = Debug|Any CPU
		Debug|x64 = Debug|x64
		Debug|x86 = Debug|x86
		Release|Any CPU = Release|Any CPU
		Release|x64 = Release|x64
		Release|x86 = Release|x86
	EndGlobalSection
	GlobalSection(ProjectConfigurationPlatforms) = postSolution
		{05700EC1-0D15-4BA3-9DC2-E1093183F4DC}.Debug|Any CPU.ActiveCfg = Debug|Any CPU
		{05700EC1-0D15-4BA3-9DC2-E1093183F4DC}.Debug|Any CPU.Build.0 = Debug|Any CPU
		{05700EC1-0D15-4BA3-9DC2-E1093183F4DC}.Debug|x64.ActiveCfg = Debug|Any CPU
		{05700EC1-0D15-4BA3-9DC2-E1093183F4DC}.Debug|x64.Build.0 = Debug|Any CPU
		{05700EC1-0D15-4BA3-9DC2-E1093183F4DC}.Debug|x86.ActiveCfg = Debug|Any CPU
		{05700EC1-0D15-4BA3-9DC2-E1093183F4DC}.Debug|x86.Build.0 = Debug|Any CPU
		{05700EC1-0D15-4BA3-9DC2-E1093183F4DC}.Release|Any CPU.ActiveCfg = Release|Any CPU
		{05700EC1-0D15-4BA3-9DC2-E1093183F4DC}.Release|Any CPU.Build.0 = Release|Any CPU
		{05700EC1-0D15-4BA3-9DC2-E1093183F4DC}.Release|x64.ActiveCfg = Release|Any CPU
		{05700EC1-0D15-4BA3-9DC2-E1093183F4DC}.Release|x64.Build.0 = Release|Any CPU
		{05700EC1-0D15-4BA3-9DC2-E1093183F4DC}.Release|x86.ActiveCfg = Release|Any CPU
		{05700EC1-0D15-4BA3-9DC2-E1093183F4DC}.Release|x86.Build.0 = Release|Any CPU
		{DB6672E7-9A6F-4394-BC6F-AAF3C334FF0B}.Debug|Any CPU.ActiveCfg = Debug|Any CPU
		{DB6672E7-9A6F-4394-BC6F-AAF3C334FF0B}.Debug|Any CPU.Build.0 = Debug|Any CPU
		{DB6672E7-9A6F-4394-BC6F-AAF3C334FF0B}.Debug|x64.ActiveCfg = Debug|Any CPU
		{DB6672E7-9A6F-4394-BC6F-AAF3C334FF0B}.Debug|x64.Build.0 = Debug|Any CPU
		{DB6672E7-9A6F-4394-BC6F-AAF3C334FF0B}.Debug|x86.ActiveCfg = Debug|Any CPU
		{DB6672E7-9A6F-4394-BC6F-AAF3C334FF0B}.Debug|x86.Build.0 = Debug|Any CPU
		{DB6672E7-9A6F-4394-BC6F-AAF3C334FF0B}.Release|Any CPU.ActiveCfg = Release|Any CPU
		{DB6672E7-9A6F-4394-BC6F-AAF3C334FF0B}.Release|Any CPU.Build.0 = Release|Any CPU
		{DB6672E7-9A6F-4394-BC6F-AAF3C334FF0B}.Release|x64.ActiveCfg = Release|Any CPU
		{DB6672E7-9A6F-4394-BC6F-AAF3C334FF0B}.Release|x64.Build.0 = Release|Any CPU
		{DB6672E7-9A6F-4394-BC6F-AAF3C334FF0B}.Release|x86.ActiveCfg = Release|Any CPU
		{DB6672E7-9A6F-4394-BC6F-AAF3C334FF0B}.Release|x86.Build.0 = Release|Any CPU
	EndGlobalSection
	GlobalSection(SolutionProperties) = preSolution
		HideSolutionNode = FALSE
	EndGlobalSection
	GlobalSection(NestedProjects) = preSolution
		{DB6672E7-9A6F-4394-BC6F-AAF3C334FF0B} = {4863FAB0-DD1F-47FE-B1FA-5409C55D1D27}
	EndGlobalSection
	GlobalSection(ExtensibilityGlobals) = postSolution
		SolutionGuid = {676D984C-CCF4-4D7F-88A3-A782EB068097}
	EndGlobalSection
EndGlobal
